# THIS IS AN AUTOGENERATED FILE. DO NOT EDIT THIS FILE DIRECTLY.
# yarn lockfile v1


jquery.cookie@~1.4.1:
  version "1.4.1"
  resolved "https://registry.yarnpkg.com/jquery.cookie/-/jquery.cookie-1.4.1.tgz#d63dce209eab691fe63316db08ca9e47e0f9385b"

startbootstrap-sb-admin-2@~1.0.7:
  version "1.0.7"
  resolved "https://registry.yarnpkg.com/startbootstrap-sb-admin-2/-/startbootstrap-sb-admin-2-1.0.7.tgz#ef36a90903afb4a84a25c329b0292d06bf05b130"
