# THIS IS AN AUTOGENERATED FILE. DO NOT EDIT THIS FILE DIRECTLY.
# yarn lockfile v1


bootstrap@3.4.1:
  version "3.4.1"
  resolved "https://registry.yarnpkg.com/bootstrap/-/bootstrap-3.4.1.tgz#c3a347d419e289ad11f4033e3c4132b87c081d72"
  integrity sha512-yN5oZVmRCwe5aKwzRj6736nSmKDX7pLYwsXiCj/EYmo16hODaBiT4En5btW/jhBF/seV+XMx3aYwukYC3A49DA==

"eve@git://github.com/adobe-webplatform/eve.git#eef80ed":
  version "0.4.1"
  resolved "git://github.com/adobe-webplatform/eve.git#eef80ed8d188423c2272746fb8ae5cc8dad84cb1"

font-awesome@4.2.0:
  version "4.2.0"
  resolved "https://registry.yarnpkg.com/font-awesome/-/font-awesome-4.2.0.tgz#47338a1a017da6bef95ce2e1b0e176828fd8adea"
  integrity sha1-RzOKGgF9pr75XOLhsOF2go/Yreo=

jquery.cookie@~1.4.1:
  version "1.4.1"
  resolved "https://registry.yarnpkg.com/jquery.cookie/-/jquery.cookie-1.4.1.tgz#d63dce209eab691fe63316db08ca9e47e0f9385b"
  integrity sha1-1j3OIJ6raR/mMxbbCMqeR+D5OFs=

jquery@2.1.3:
  version "2.1.3"
  resolved "https://registry.yarnpkg.com/jquery/-/jquery-2.1.3.tgz#6ec55204673d505d39432c5bf5cfad10e1dbad2e"
  integrity sha1-bsVSBGc9UF05Qyxb9c+tEOHbrS4=

metismenu@1.1.3:
  version "1.1.3"
  resolved "https://registry.yarnpkg.com/metismenu/-/metismenu-1.1.3.tgz#977300be6b5d968ebb96f55d7774ba9c5926bb74"
  integrity sha1-l3MAvmtdlo67lvVdd3S6nFkmu3Q=

morris.js@0.5.0:
  version "0.5.0"
  resolved "https://registry.yarnpkg.com/morris.js/-/morris.js-0.5.0.tgz#725767135cfae059aae75999bb2ce6a1c5d1b44b"
  integrity sha1-cldnE1z64Fmq51mZuyzmocXRtEs=

raphael@2.1.4:
  version "2.1.4"
  resolved "https://registry.yarnpkg.com/raphael/-/raphael-2.1.4.tgz#b09ca664ad048b814bb2ff5d4d1e75838cab9c97"
  integrity sha1-sJymZK0Ei4FLsv9dTR51g4yrnJc=
  dependencies:
    eve "git://github.com/adobe-webplatform/eve.git#eef80ed"
